
Microsoft Visual Studio Solution File, Format Version 12.00
# Visual Studio Version 16
VisualStudioVersion = 16.0.31613.86
MinimumVisualStudioVersion = 10.0.40219.1
Project("{FAE04EC0-301F-11D3-BF4B-00C04F79EFBC}") = "ArquitecturaProyecto", "ArquitecturaProyecto\ArquitecturaProyecto.csproj", "{36FC9CD9-06E8-46D9-B3FF-ED886A4FAE25}"
EndProject
Global
	GlobalSection(SolutionConfigurationPlatforms) = preSolution
		Debug|Any CPU = Debug|Any CPU
		Release|Any CPU = Release|Any CPU
	EndGlobalSection
	GlobalSection(ProjectConfigurationPlatforms) = postSolution
		{36FC9CD9-06E8-46D9-B3FF-ED886A4FAE25}.Debug|Any CPU.ActiveCfg = Debug|Any CPU
		{36FC9CD9-06E8-46D9-B3FF-ED886A4FAE25}.Debug|Any CPU.Build.0 = Debug|Any CPU
		{36FC9CD9-06E8-46D9-B3FF-ED886A4FAE25}.Release|Any CPU.ActiveCfg = Release|Any CPU
		{36FC9CD9-06E8-46D9-B3FF-ED886A4FAE25}.Release|Any CPU.Build.0 = Release|Any CPU
	EndGlobalSection
	GlobalSection(SolutionProperties) = preSolution
		HideSolutionNode = FALSE
	EndGlobalSection
	GlobalSection(ExtensibilityGlobals) = postSolution
		SolutionGuid = {7FF0D157-5837-4B13-9F5E-734B3E868065}
	EndGlobalSection
EndGlobal
